{
  "pins" : [
    {
      "identity" : "devicedna-ios",
      "kind" : "remoteSourceControl",
      "location" : "https://github.com/Judopay/DeviceDNA-iOS",
      "state" : {
        "revision" : "d4a9035d5be2e34a248e5ced2e1b4a7da98f5aaa",
        "version" : "2.1.2"
      }
    },
    {
      "identity" : "judo3ds2-ios",
      "kind" : "remoteSourceControl",
      "location" : "https://github.com/Judopay/Judo3DS2-iOS",
      "state" : {
        "revision" : "875f5408f7feffbbd0c059b3da70606fc22dae88",
        "version" : "1.3.0"
      }
    },
    {
      "identity" : "ravelin-encrypt-ios-xcframework-distribution",
      "kind" : "remoteSourceControl",
      "location" : "https://github.com/unravelin/ravelin-encrypt-ios-xcframework-distribution",
      "state" : {
        "revision" : "53e8292982546accc2704eaecdc37039f26ecd3b",
        "version" : "1.1.2"
      }
    },
    {
      "identity" : "trustkit",
      "kind" : "remoteSourceControl",
      "location" : "https://github.com/datatheorem/TrustKit",
      "state" : {
        "revision" : "a94f27be00a9811618ff92f0d3fc40dac8211ba7",
        "version" : "3.0.7"
      }
    }
  ],
  "version" : 2
}
