{
  "pins" : [
    {
      "identity" : "devicedna-ios",
      "kind" : "remoteSourceControl",
      "location" : "https://github.com/Judopay/DeviceDNA-iOS",
      "state" : {
        "revision" : "704e6b1f8a63fad2d41baefe3313ee25095023e2",
        "version" : "2.1.0"
      }
    },
    {
      "identity" : "judo3ds2-ios",
      "kind" : "remoteSourceControl",
      "location" : "https://github.com/Judopay/Judo3DS2-iOS",
      "state" : {
        "revision" : "2324075db868a6b5755a81ff6ea89af80b4d8768",
        "version" : "1.2.0"
      }
    },
    {
      "identity" : "openssl",
      "kind" : "remoteSourceControl",
      "location" : "https://github.com/krzyzanowskim/OpenSSL",
      "state" : {
        "revision" : "0faf71a188bcfdf0245cab42886b9b240ca71c52",
        "version" : "1.1.2200"
      }
    },
    {
      "identity" : "ravelin-encrypt-ios-xcframework-distribution",
      "kind" : "remoteSourceControl",
      "location" : "https://github.com/unravelin/ravelin-encrypt-ios-xcframework-distribution",
      "state" : {
        "revision" : "92799d81e6856c41903573a507ebab5a58125ccf",
        "version" : "1.1.1"
      }
    },
    {
      "identity" : "trustkit",
      "kind" : "remoteSourceControl",
      "location" : "https://github.com/datatheorem/TrustKit",
      "state" : {
        "revision" : "5718ba8720b4dafc5360aebfbc9762e2d5f2615e",
        "version" : "3.0.3"
      }
    }
  ],
  "version" : 2
}
