{
  "pins" : [
    {
      "identity" : "devicedna-ios",
      "kind" : "remoteSourceControl",
      "location" : "https://github.com/Judopay/DeviceDNA-iOS",
      "state" : {
        "revision" : "d4a9035d5be2e34a248e5ced2e1b4a7da98f5aaa",
        "version" : "2.1.2"
      }
    },
    {
      "identity" : "judo3ds2-ios",
      "kind" : "remoteSourceControl",
      "location" : "https://github.com/Judopay/Judo3DS2-iOS",
      "state" : {
        "revision" : "215faceab9962433e009a2129cc2d6569620dad8",
        "version" : "1.2.3"
      }
    },
    {
      "identity" : "ravelin-encrypt-ios-xcframework-distribution",
      "kind" : "remoteSourceControl",
      "location" : "https://github.com/unravelin/ravelin-encrypt-ios-xcframework-distribution",
      "state" : {
        "revision" : "53e8292982546accc2704eaecdc37039f26ecd3b",
        "version" : "1.1.2"
      }
    },
    {
      "identity" : "trustkit",
      "kind" : "remoteSourceControl",
      "location" : "https://github.com/datatheorem/TrustKit",
      "state" : {
        "revision" : "2fb6ce731fd51f745f6cc3393462865b95c3df3c",
        "version" : "3.0.4"
      }
    }
  ],
  "version" : 2
}
