PODS:
  - CocoaDebug (1.2.5)
  - InAppSettingsKit (2.15)
  - Mockingjay (2.0.1):
    - Mockingjay/Core (= 2.0.1)
    - Mockingjay/XCTest (= 2.0.1)
  - Mockingjay/Core (2.0.1):
    - URITemplate (~> 2.0)
  - Mockingjay/XCTest (2.0.1):
    - Mockingjay/Core
  - PayCardsRecognizer (1.1.7)
  - TrustKit (1.6.5)
  - URITemplate (2.0.3)

DEPENDENCIES:
  - CocoaDebug
  - InAppSettingsKit
  - Mockingjay
  - PayCardsRecognizer
  - TrustKit

SPEC REPOS:
  trunk:
    - CocoaDebug
    - InAppSettingsKit
    - Mockingjay
    - PayCardsRecognizer
    - TrustKit
    - URITemplate

SPEC CHECKSUMS:
  CocoaDebug: 7446061b7ec181a102ad7dfac4535a5adc824e6d
  InAppSettingsKit: 4890a44f9df7a1742c632920f0ea939cbeb29ea2
  Mockingjay: 11a621880d2887f1775bdcf824341eb68f218450
  PayCardsRecognizer: 2e4d1b2fdd5f1528fb56064a91e1d58a1af7a2db
  TrustKit: 073855e3adecd317417bda4ac9e9ac54a2e3b9f2
  URITemplate: ace0c4c46dcf8afe6e89b4060621852886b15c3b

PODFILE CHECKSUM: d18af3226b1b9f5efd1c1fba61764913a9aa8308

COCOAPODS: 1.9.1
