<?xml version="1.0" encoding="UTF-8"?>
<Scheme
   LastUpgradeVersion = "0940"
   version = "1.3">
   <BuildAction
      parallelizeBuildables = "YES"
      buildImplicitDependencies = "YES">
      <BuildActionEntries>
         <BuildActionEntry
            buildForTesting = "YES"
            buildForRunning = "YES"
            buildForProfiling = "YES"
            buildForArchiving = "YES"
            buildForAnalyzing = "YES">
            <BuildableReference
               BuildableIdentifier = "primary"
               BlueprintIdentifier = "3B678B551C6CE5190001DC2F"
               BuildableName = "JudoKitObjC.framework"
               BlueprintName = "JudoKitObjC"
               ReferencedContainer = "container:JudoKitObjC.xcodeproj">
            </BuildableReference>
         </BuildActionEntry>
      </BuildActionEntries>
   </BuildAction>
   <TestAction
      buildConfiguration = "Debug"
      selectedDebuggerIdentifier = "Xcode.DebuggerFoundation.Debugger.LLDB"
      selectedLauncherIdentifier = "Xcode.DebuggerFoundation.Launcher.LLDB"
      codeCoverageEnabled = "YES"
      shouldUseLaunchSchemeArgsEnv = "YES">
      <Testables>
         <TestableReference
            skipped = "NO">
            <BuildableReference
               BuildableIdentifier = "primary"
               BlueprintIdentifier = "3B678B5F1C6CE5190001DC2F"
               BuildableName = "JudoKitObjCTests.xctest"
               BlueprintName = "JudoKitObjCTests"
               ReferencedContainer = "container:JudoKitObjC.xcodeproj">
            </BuildableReference>
            <SkippedTests>
               <Test
                  Identifier = "AuthenticationTests">
               </Test>
               <Test
                  Identifier = "CardDetailsSetTests">
               </Test>
               <Test
                  Identifier = "CollectionTests">
               </Test>
               <Test
                  Identifier = "DedupTestCase">
               </Test>
               <Test
                  Identifier = "ErrorMessageContentsTests">
               </Test>
               <Test
                  Identifier = "JudoTestCase">
               </Test>
               <Test
                  Identifier = "JudoTests">
               </Test>
               <Test
                  Identifier = "ListTests">
               </Test>
               <Test
                  Identifier = "PaymentTests">
               </Test>
               <Test
                  Identifier = "PreAuthTests">
               </Test>
               <Test
                  Identifier = "ReceiptTests">
               </Test>
               <Test
                  Identifier = "RefundTests">
               </Test>
               <Test
                  Identifier = "RegisterCardTests">
               </Test>
               <Test
                  Identifier = "SaveCardTests">
               </Test>
               <Test
                  Identifier = "TokenPaymentTests">
               </Test>
               <Test
                  Identifier = "TokenPreAuthTests">
               </Test>
               <Test
                  Identifier = "TransactionEnricherTests">
               </Test>
               <Test
                  Identifier = "TransactionTests">
               </Test>
               <Test
                  Identifier = "VCOTests">
               </Test>
               <Test
                  Identifier = "VoidTransactionTests">
               </Test>
            </SkippedTests>
         </TestableReference>
      </Testables>
      <MacroExpansion>
         <BuildableReference
            BuildableIdentifier = "primary"
            BlueprintIdentifier = "3B678B551C6CE5190001DC2F"
            BuildableName = "JudoKitObjC.framework"
            BlueprintName = "JudoKitObjC"
            ReferencedContainer = "container:JudoKitObjC.xcodeproj">
         </BuildableReference>
      </MacroExpansion>
      <AdditionalOptions>
      </AdditionalOptions>
   </TestAction>
   <LaunchAction
      buildConfiguration = "Debug"
      selectedDebuggerIdentifier = "Xcode.DebuggerFoundation.Debugger.LLDB"
      selectedLauncherIdentifier = "Xcode.DebuggerFoundation.Launcher.LLDB"
      launchStyle = "0"
      useCustomWorkingDirectory = "NO"
      ignoresPersistentStateOnLaunch = "NO"
      debugDocumentVersioning = "YES"
      debugServiceExtension = "internal"
      allowLocationSimulation = "YES">
      <MacroExpansion>
         <BuildableReference
            BuildableIdentifier = "primary"
            BlueprintIdentifier = "3B678B551C6CE5190001DC2F"
            BuildableName = "JudoKitObjC.framework"
            BlueprintName = "JudoKitObjC"
            ReferencedContainer = "container:JudoKitObjC.xcodeproj">
         </BuildableReference>
      </MacroExpansion>
      <AdditionalOptions>
      </AdditionalOptions>
   </LaunchAction>
   <ProfileAction
      buildConfiguration = "Release"
      shouldUseLaunchSchemeArgsEnv = "YES"
      savedToolIdentifier = ""
      useCustomWorkingDirectory = "NO"
      debugDocumentVersioning = "YES">
      <MacroExpansion>
         <BuildableReference
            BuildableIdentifier = "primary"
            BlueprintIdentifier = "3B678B551C6CE5190001DC2F"
            BuildableName = "JudoKitObjC.framework"
            BlueprintName = "JudoKitObjC"
            ReferencedContainer = "container:JudoKitObjC.xcodeproj">
         </BuildableReference>
      </MacroExpansion>
   </ProfileAction>
   <AnalyzeAction
      buildConfiguration = "Debug">
   </AnalyzeAction>
   <ArchiveAction
      buildConfiguration = "Release"
      revealArchiveInOrganizer = "YES">
   </ArchiveAction>
</Scheme>
