PODS:
  - CocoaDebug (1.7.2)
  - Cucumberish (1.4.0)
  - DeviceDNA (2.0.0):
    - OpenSSL-Universal (~> 1.1.180)
  - InAppSettingsKit (3.3.3)
  - JudoKit-iOS (2.4.7):
    - DeviceDNA (~> 2.0.0)
    - TrustKit
    - ZappMerchantLib
  - OpenSSL-Universal (1.1.1500)
  - TrustKit (1.7.0)
  - ZappMerchantLib (3.1.0)

DEPENDENCIES:
  - CocoaDebug
  - Cucumberish (from `https://github.com/mpetrenco/Cucumberish.git`)
  - InAppSettingsKit (= 3.3.3)
  - JudoKit-iOS (from `../../`)

SPEC REPOS:
  trunk:
    - CocoaDebug
    - DeviceDNA
    - InAppSettingsKit
    - OpenSSL-Universal
    - TrustKit
    - ZappMerchantLib

EXTERNAL SOURCES:
  Cucumberish:
    :git: https://github.com/mpetrenco/Cucumberish.git
  JudoKit-iOS:
    :path: "../../"

CHECKOUT OPTIONS:
  Cucumberish:
    :commit: 6c09ec2fb600359f5bc7c4f4d6da279db723675c
    :git: https://github.com/mpetrenco/Cucumberish.git

SPEC CHECKSUMS:
  CocoaDebug: 61cf93ada6ce8f3407507dc01f9b874d91ac1d5c
  Cucumberish: 6cbd0c1f50306b369acebfe7d9f514c9c287d26c
  DeviceDNA: 9ff289d1fb983937754b324fa0adade2081210c4
  InAppSettingsKit: b115427a8c8041597fd89279db901c82f3f0e21f
  JudoKit-iOS: b46f9e724dc8e8ecea21a66f79672efd7b1af3ce
  OpenSSL-Universal: 5d1de8d199ea9684d7ee48a8caa38d5dbfee1981
  TrustKit: dac38bb37e49bdfeca41b1a19d020da38017b51c
  ZappMerchantLib: b14bc5814840426d351190309250347ca9b0983d

PODFILE CHECKSUM: c053a5efc58318c97b999097132ced79c525ff82

COCOAPODS: 1.11.3
