PODS:
  - CocoaDebug (1.3.3)
  - Cucumberish (1.4.0)
  - DeviceDNA (1.1.2)
  - InAppSettingsKit (2.15)
  - JudoKit-iOS (2.1.0):
    - DeviceDNA
    - TrustKit
    - ZappMerchantLib
  - TrustKit (1.6.5)
  - ZappMerchantLib (3.1.0)

DEPENDENCIES:
  - CocoaDebug
  - Cucumberish (from `https://github.com/mpetrenco/Cucumberish.git`)
  - InAppSettingsKit (= 2.15)
  - JudoKit-iOS (from `../../`)

SPEC REPOS:
  trunk:
    - CocoaDebug
    - DeviceDNA
    - InAppSettingsKit
    - TrustKit
    - ZappMerchantLib

EXTERNAL SOURCES:
  Cucumberish:
    :git: https://github.com/mpetrenco/Cucumberish.git
  JudoKit-iOS:
    :path: "../../"

CHECKOUT OPTIONS:
  Cucumberish:
    :commit: 6c09ec2fb600359f5bc7c4f4d6da279db723675c
    :git: https://github.com/mpetrenco/Cucumberish.git

SPEC CHECKSUMS:
  CocoaDebug: 610b36f29558ac74fa5653fbbbd1574fc7de54ed
  Cucumberish: 6cbd0c1f50306b369acebfe7d9f514c9c287d26c
  DeviceDNA: 3e72fd28d345a5aa6f218af4287cb46dc74b62cb
  InAppSettingsKit: 4890a44f9df7a1742c632920f0ea939cbeb29ea2
  JudoKit-iOS: 848b1db6f3ae2a8f14450ec535d5fc1e728bdcfd
  TrustKit: 073855e3adecd317417bda4ac9e9ac54a2e3b9f2
  ZappMerchantLib: b14bc5814840426d351190309250347ca9b0983d

PODFILE CHECKSUM: 5c269b41354a7a58f7674d45095cde2f7fbee513

COCOAPODS: 1.9.3
