// !$*UTF8*$!
{
	archiveVersion = 1;
	classes = {
	};
	objectVersion = 51;
	objects = {

/* Begin PBXBuildFile section */
		305687172581014600195C93 /* Settings.bundle in Resources */ = {isa = PBXBuildFile; fileRef = 305687162581014600195C93 /* Settings.bundle */; };
		305687272581193500195C93 /* AppCoordinator.swift in Sources */ = {isa = PBXBuildFile; fileRef = 305687262581193500195C93 /* AppCoordinator.swift */; };
		3056872D2581197100195C93 /* SettingsModule.swift in Sources */ = {isa = PBXBuildFile; fileRef = 3056872C2581197100195C93 /* SettingsModule.swift */; };
		305687402581227500195C93 /* Settings.swift in Sources */ = {isa = PBXBuildFile; fileRef = 3056873F2581227500195C93 /* Settings.swift */; };
		305687452581280600195C93 /* SettingsKeys.swift in Sources */ = {isa = PBXBuildFile; fileRef = 305687442581280600195C93 /* SettingsKeys.swift */; };
		3056874D25812D9900195C93 /* IASKAppSettingsViewController+Additions.swift in Sources */ = {isa = PBXBuildFile; fileRef = 3056874C25812D9900195C93 /* IASKAppSettingsViewController+Additions.swift */; };
		3056875225812F5600195C93 /* SettingsViewController.swift in Sources */ = {isa = PBXBuildFile; fileRef = 3056875125812F5600195C93 /* SettingsViewController.swift */; };
		30568809258238A400195C93 /* ResultsModule.swift in Sources */ = {isa = PBXBuildFile; fileRef = 30568808258238A400195C93 /* ResultsModule.swift */; };
		3056880E258238AE00195C93 /* ResultsViewController.swift in Sources */ = {isa = PBXBuildFile; fileRef = 3056880D258238AE00195C93 /* ResultsViewController.swift */; };
		30568813258238B600195C93 /* ResultsInteractor.swift in Sources */ = {isa = PBXBuildFile; fileRef = 30568812258238B600195C93 /* ResultsInteractor.swift */; };
		3056881925823CF000195C93 /* Result.swift in Sources */ = {isa = PBXBuildFile; fileRef = 3056881825823CF000195C93 /* Result.swift */; };
		3056882125823D1300195C93 /* ResultItem.swift in Sources */ = {isa = PBXBuildFile; fileRef = 3056882025823D1300195C93 /* ResultItem.swift */; };
		305689F125836F3000195C93 /* NSObject+Additions.swift in Sources */ = {isa = PBXBuildFile; fileRef = 305689F025836F3000195C93 /* NSObject+Additions.swift */; };
		305689F7258377FB00195C93 /* ResultsCell.swift in Sources */ = {isa = PBXBuildFile; fileRef = 305689F6258377FB00195C93 /* ResultsCell.swift */; };
		305689FC2583786700195C93 /* ResultsViewModel.swift in Sources */ = {isa = PBXBuildFile; fileRef = 305689FB2583786700195C93 /* ResultsViewModel.swift */; };
		30568A0E2583AD8900195C93 /* TokenModule.swift in Sources */ = {isa = PBXBuildFile; fileRef = 30568A0D2583AD8900195C93 /* TokenModule.swift */; };
		30568A162583AD9200195C93 /* TokenViewController.swift in Sources */ = {isa = PBXBuildFile; fileRef = 30568A152583AD9200195C93 /* TokenViewController.swift */; };
		30568A1B2583AD9A00195C93 /* TokenInteractor.swift in Sources */ = {isa = PBXBuildFile; fileRef = 30568A1A2583AD9A00195C93 /* TokenInteractor.swift */; };
		305853B9257F79CC000B00DF /* HomeViewController.swift in Sources */ = {isa = PBXBuildFile; fileRef = 305853B8257F79CC000B00DF /* HomeViewController.swift */; };
		305853BF257F7C9F000B00DF /* FeatureCell.swift in Sources */ = {isa = PBXBuildFile; fileRef = 305853BE257F7C9F000B00DF /* FeatureCell.swift */; };
		305853C7257F7EC9000B00DF /* FeatureViewModel.swift in Sources */ = {isa = PBXBuildFile; fileRef = 305853C6257F7EC9000B00DF /* FeatureViewModel.swift */; };
		305853CF257F813D000B00DF /* HomeModule.swift in Sources */ = {isa = PBXBuildFile; fileRef = 305853CE257F813D000B00DF /* HomeModule.swift */; };
		305853D4257F8171000B00DF /* HomeInteractor.swift in Sources */ = {isa = PBXBuildFile; fileRef = 305853D3257F8171000B00DF /* HomeInteractor.swift */; };
		305853DC257F83D0000B00DF /* FeatureRepository.swift in Sources */ = {isa = PBXBuildFile; fileRef = 305853DB257F83D0000B00DF /* FeatureRepository.swift */; };
		3058541E257F9F32000B00DF /* FeatureService.swift in Sources */ = {isa = PBXBuildFile; fileRef = 3058541D257F9F32000B00DF /* FeatureService.swift */; };
		30585427257FABA4000B00DF /* UIViewController+Additions.swift in Sources */ = {isa = PBXBuildFile; fileRef = 30585426257FABA4000B00DF /* UIViewController+Additions.swift */; };
		30E1098B25877428000284CD /* PBBAModule.swift in Sources */ = {isa = PBXBuildFile; fileRef = 30E1098A25877428000284CD /* PBBAModule.swift */; };
		30E1099325877436000284CD /* PBBAViewController.swift in Sources */ = {isa = PBXBuildFile; fileRef = 30E1099225877436000284CD /* PBBAViewController.swift */; };
		30E109982587743E000284CD /* PBBAInteractor.swift in Sources */ = {isa = PBXBuildFile; fileRef = 30E109972587743E000284CD /* PBBAInteractor.swift */; };
		30FF8EB5259B37200077B5C8 /* ApplePayModule.swift in Sources */ = {isa = PBXBuildFile; fileRef = 30FF8EB4259B37200077B5C8 /* ApplePayModule.swift */; };
		30FF8EBA259B37290077B5C8 /* ApplePayViewController.swift in Sources */ = {isa = PBXBuildFile; fileRef = 30FF8EB9259B37290077B5C8 /* ApplePayViewController.swift */; };
		448AB1E32450DF22004A11CB /* AppDelegate.swift in Sources */ = {isa = PBXBuildFile; fileRef = 448AB1E22450DF22004A11CB /* AppDelegate.swift */; };
		448AB1EC2450DF24004A11CB /* Assets.xcassets in Resources */ = {isa = PBXBuildFile; fileRef = 448AB1EB2450DF24004A11CB /* Assets.xcassets */; };
		448AB1EF2450DF24004A11CB /* LaunchScreen.storyboard in Resources */ = {isa = PBXBuildFile; fileRef = 448AB1ED2450DF24004A11CB /* LaunchScreen.storyboard */; };
		49584B8CB009346FCBBF5DC0 /* Pods_SwiftExampleApp_SwiftExampleAppUITests.framework in Frameworks */ = {isa = PBXBuildFile; fileRef = D44002E1B9DB19BC377EDE0C /* Pods_SwiftExampleApp_SwiftExampleAppUITests.framework */; };
		B763B0BA0E70403D0411DB3C /* Pods_SwiftExampleAppTests.framework in Frameworks */ = {isa = PBXBuildFile; fileRef = C721A0EA88E53947BF0C4D32 /* Pods_SwiftExampleAppTests.framework */; };
		C82C2B8CD5388E644731B189 /* Pods_SwiftExampleApp.framework in Frameworks */ = {isa = PBXBuildFile; fileRef = D8FFBCF43B0E88669F4DDED3 /* Pods_SwiftExampleApp.framework */; };
/* End PBXBuildFile section */

/* Begin PBXContainerItemProxy section */
		448AB1F62450DF24004A11CB /* PBXContainerItemProxy */ = {
			isa = PBXContainerItemProxy;
			containerPortal = 448AB1D72450DF22004A11CB /* Project object */;
			proxyType = 1;
			remoteGlobalIDString = 448AB1DE2450DF22004A11CB;
			remoteInfo = SwiftExampleApp;
		};
		448AB2012450DF24004A11CB /* PBXContainerItemProxy */ = {
			isa = PBXContainerItemProxy;
			containerPortal = 448AB1D72450DF22004A11CB /* Project object */;
			proxyType = 1;
			remoteGlobalIDString = 448AB1DE2450DF22004A11CB;
			remoteInfo = SwiftExampleApp;
		};
/* End PBXContainerItemProxy section */

/* Begin PBXFileReference section */
		0308455F033B8095A10801D6 /* Pods-SwiftExampleApp-SwiftExampleAppUITests.debug.xcconfig */ = {isa = PBXFileReference; includeInIndex = 1; lastKnownFileType = text.xcconfig; name = "Pods-SwiftExampleApp-SwiftExampleAppUITests.debug.xcconfig"; path = "Target Support Files/Pods-SwiftExampleApp-SwiftExampleAppUITests/Pods-SwiftExampleApp-SwiftExampleAppUITests.debug.xcconfig"; sourceTree = "<group>"; };
		305687162581014600195C93 /* Settings.bundle */ = {isa = PBXFileReference; lastKnownFileType = "wrapper.plug-in"; path = Settings.bundle; sourceTree = "<group>"; };
		305687262581193500195C93 /* AppCoordinator.swift */ = {isa = PBXFileReference; lastKnownFileType = sourcecode.swift; path = AppCoordinator.swift; sourceTree = "<group>"; };
		3056872C2581197100195C93 /* SettingsModule.swift */ = {isa = PBXFileReference; lastKnownFileType = sourcecode.swift; path = SettingsModule.swift; sourceTree = "<group>"; };
		3056873F2581227500195C93 /* Settings.swift */ = {isa = PBXFileReference; lastKnownFileType = sourcecode.swift; path = Settings.swift; sourceTree = "<group>"; };
		305687442581280600195C93 /* SettingsKeys.swift */ = {isa = PBXFileReference; lastKnownFileType = sourcecode.swift; path = SettingsKeys.swift; sourceTree = "<group>"; };
		3056874C25812D9900195C93 /* IASKAppSettingsViewController+Additions.swift */ = {isa = PBXFileReference; lastKnownFileType = sourcecode.swift; path = "IASKAppSettingsViewController+Additions.swift"; sourceTree = "<group>"; };
		3056875125812F5600195C93 /* SettingsViewController.swift */ = {isa = PBXFileReference; lastKnownFileType = sourcecode.swift; path = SettingsViewController.swift; sourceTree = "<group>"; };
		30568808258238A400195C93 /* ResultsModule.swift */ = {isa = PBXFileReference; lastKnownFileType = sourcecode.swift; path = ResultsModule.swift; sourceTree = "<group>"; };
		3056880D258238AE00195C93 /* ResultsViewController.swift */ = {isa = PBXFileReference; lastKnownFileType = sourcecode.swift; path = ResultsViewController.swift; sourceTree = "<group>"; };
		30568812258238B600195C93 /* ResultsInteractor.swift */ = {isa = PBXFileReference; lastKnownFileType = sourcecode.swift; path = ResultsInteractor.swift; sourceTree = "<group>"; };
		3056881825823CF000195C93 /* Result.swift */ = {isa = PBXFileReference; lastKnownFileType = sourcecode.swift; path = Result.swift; sourceTree = "<group>"; };
		3056882025823D1300195C93 /* ResultItem.swift */ = {isa = PBXFileReference; lastKnownFileType = sourcecode.swift; path = ResultItem.swift; sourceTree = "<group>"; };
		305689F025836F3000195C93 /* NSObject+Additions.swift */ = {isa = PBXFileReference; lastKnownFileType = sourcecode.swift; path = "NSObject+Additions.swift"; sourceTree = "<group>"; };
		305689F6258377FB00195C93 /* ResultsCell.swift */ = {isa = PBXFileReference; lastKnownFileType = sourcecode.swift; path = ResultsCell.swift; sourceTree = "<group>"; };
		305689FB2583786700195C93 /* ResultsViewModel.swift */ = {isa = PBXFileReference; lastKnownFileType = sourcecode.swift; path = ResultsViewModel.swift; sourceTree = "<group>"; };
		30568A0D2583AD8900195C93 /* TokenModule.swift */ = {isa = PBXFileReference; lastKnownFileType = sourcecode.swift; path = TokenModule.swift; sourceTree = "<group>"; };
		30568A152583AD9200195C93 /* TokenViewController.swift */ = {isa = PBXFileReference; lastKnownFileType = sourcecode.swift; path = TokenViewController.swift; sourceTree = "<group>"; };
		30568A1A2583AD9A00195C93 /* TokenInteractor.swift */ = {isa = PBXFileReference; lastKnownFileType = sourcecode.swift; path = TokenInteractor.swift; sourceTree = "<group>"; };
		305853B8257F79CC000B00DF /* HomeViewController.swift */ = {isa = PBXFileReference; lastKnownFileType = sourcecode.swift; path = HomeViewController.swift; sourceTree = "<group>"; };
		305853BE257F7C9F000B00DF /* FeatureCell.swift */ = {isa = PBXFileReference; lastKnownFileType = sourcecode.swift; path = FeatureCell.swift; sourceTree = "<group>"; };
		305853C6257F7EC9000B00DF /* FeatureViewModel.swift */ = {isa = PBXFileReference; lastKnownFileType = sourcecode.swift; path = FeatureViewModel.swift; sourceTree = "<group>"; };
		305853CE257F813D000B00DF /* HomeModule.swift */ = {isa = PBXFileReference; lastKnownFileType = sourcecode.swift; path = HomeModule.swift; sourceTree = "<group>"; };
		305853D3257F8171000B00DF /* HomeInteractor.swift */ = {isa = PBXFileReference; lastKnownFileType = sourcecode.swift; path = HomeInteractor.swift; sourceTree = "<group>"; };
		305853DB257F83D0000B00DF /* FeatureRepository.swift */ = {isa = PBXFileReference; lastKnownFileType = sourcecode.swift; path = FeatureRepository.swift; sourceTree = "<group>"; };
		3058541D257F9F32000B00DF /* FeatureService.swift */ = {isa = PBXFileReference; lastKnownFileType = sourcecode.swift; path = FeatureService.swift; sourceTree = "<group>"; };
		30585426257FABA4000B00DF /* UIViewController+Additions.swift */ = {isa = PBXFileReference; lastKnownFileType = sourcecode.swift; path = "UIViewController+Additions.swift"; sourceTree = "<group>"; };
		30E1098A25877428000284CD /* PBBAModule.swift */ = {isa = PBXFileReference; lastKnownFileType = sourcecode.swift; path = PBBAModule.swift; sourceTree = "<group>"; };
		30E1099225877436000284CD /* PBBAViewController.swift */ = {isa = PBXFileReference; lastKnownFileType = sourcecode.swift; path = PBBAViewController.swift; sourceTree = "<group>"; };
		30E109972587743E000284CD /* PBBAInteractor.swift */ = {isa = PBXFileReference; lastKnownFileType = sourcecode.swift; path = PBBAInteractor.swift; sourceTree = "<group>"; };
		30FF8EB4259B37200077B5C8 /* ApplePayModule.swift */ = {isa = PBXFileReference; lastKnownFileType = sourcecode.swift; path = ApplePayModule.swift; sourceTree = "<group>"; };
		30FF8EB9259B37290077B5C8 /* ApplePayViewController.swift */ = {isa = PBXFileReference; lastKnownFileType = sourcecode.swift; path = ApplePayViewController.swift; sourceTree = "<group>"; };
		448AB1DF2450DF22004A11CB /* Judopay demo.app */ = {isa = PBXFileReference; explicitFileType = wrapper.application; includeInIndex = 0; path = "Judopay demo.app"; sourceTree = BUILT_PRODUCTS_DIR; };
		448AB1E22450DF22004A11CB /* AppDelegate.swift */ = {isa = PBXFileReference; lastKnownFileType = sourcecode.swift; path = AppDelegate.swift; sourceTree = "<group>"; };
		448AB1EB2450DF24004A11CB /* Assets.xcassets */ = {isa = PBXFileReference; lastKnownFileType = folder.assetcatalog; path = Assets.xcassets; sourceTree = "<group>"; };
		448AB1EE2450DF24004A11CB /* Base */ = {isa = PBXFileReference; lastKnownFileType = file.storyboard; name = Base; path = Base.lproj/LaunchScreen.storyboard; sourceTree = "<group>"; };
		448AB1F02450DF24004A11CB /* Info.plist */ = {isa = PBXFileReference; lastKnownFileType = text.plist.xml; path = Info.plist; sourceTree = "<group>"; };
		448AB1F52450DF24004A11CB /* SwiftExampleAppTests.xctest */ = {isa = PBXFileReference; explicitFileType = wrapper.cfbundle; includeInIndex = 0; path = SwiftExampleAppTests.xctest; sourceTree = BUILT_PRODUCTS_DIR; };
		448AB1FB2450DF24004A11CB /* Info.plist */ = {isa = PBXFileReference; lastKnownFileType = text.plist.xml; path = Info.plist; sourceTree = "<group>"; };
		448AB2002450DF24004A11CB /* SwiftExampleAppUITests.xctest */ = {isa = PBXFileReference; explicitFileType = wrapper.cfbundle; includeInIndex = 0; path = SwiftExampleAppUITests.xctest; sourceTree = BUILT_PRODUCTS_DIR; };
		448AB2062450DF24004A11CB /* Info.plist */ = {isa = PBXFileReference; lastKnownFileType = text.plist.xml; path = Info.plist; sourceTree = "<group>"; };
		4494952E2450F6A90050C6A0 /* SwiftExampleApp.entitlements */ = {isa = PBXFileReference; fileEncoding = 4; lastKnownFileType = text.plist.entitlements; path = SwiftExampleApp.entitlements; sourceTree = "<group>"; };
		4FF41A0D09D96AA0DBF10E82 /* Pods-SwiftExampleApp.release.xcconfig */ = {isa = PBXFileReference; includeInIndex = 1; lastKnownFileType = text.xcconfig; name = "Pods-SwiftExampleApp.release.xcconfig"; path = "Target Support Files/Pods-SwiftExampleApp/Pods-SwiftExampleApp.release.xcconfig"; sourceTree = "<group>"; };
		59582CF274093B83FB4DC7FC /* Pods-SwiftExampleAppTests.debug.xcconfig */ = {isa = PBXFileReference; includeInIndex = 1; lastKnownFileType = text.xcconfig; name = "Pods-SwiftExampleAppTests.debug.xcconfig"; path = "Target Support Files/Pods-SwiftExampleAppTests/Pods-SwiftExampleAppTests.debug.xcconfig"; sourceTree = "<group>"; };
		A177A2DBBC2751C575930C16 /* Pods-SwiftExampleAppTests.release.xcconfig */ = {isa = PBXFileReference; includeInIndex = 1; lastKnownFileType = text.xcconfig; name = "Pods-SwiftExampleAppTests.release.xcconfig"; path = "Target Support Files/Pods-SwiftExampleAppTests/Pods-SwiftExampleAppTests.release.xcconfig"; sourceTree = "<group>"; };
		BB51388758C04FBB45FE0CE3 /* Pods-SwiftExampleApp-SwiftExampleAppUITests.release.xcconfig */ = {isa = PBXFileReference; includeInIndex = 1; lastKnownFileType = text.xcconfig; name = "Pods-SwiftExampleApp-SwiftExampleAppUITests.release.xcconfig"; path = "Target Support Files/Pods-SwiftExampleApp-SwiftExampleAppUITests/Pods-SwiftExampleApp-SwiftExampleAppUITests.release.xcconfig"; sourceTree = "<group>"; };
		C1C7D453B0F2D8A54EF0682A /* Pods-SwiftExampleApp.debug.xcconfig */ = {isa = PBXFileReference; includeInIndex = 1; lastKnownFileType = text.xcconfig; name = "Pods-SwiftExampleApp.debug.xcconfig"; path = "Target Support Files/Pods-SwiftExampleApp/Pods-SwiftExampleApp.debug.xcconfig"; sourceTree = "<group>"; };
		C721A0EA88E53947BF0C4D32 /* Pods_SwiftExampleAppTests.framework */ = {isa = PBXFileReference; explicitFileType = wrapper.framework; includeInIndex = 0; path = Pods_SwiftExampleAppTests.framework; sourceTree = BUILT_PRODUCTS_DIR; };
		D44002E1B9DB19BC377EDE0C /* Pods_SwiftExampleApp_SwiftExampleAppUITests.framework */ = {isa = PBXFileReference; explicitFileType = wrapper.framework; includeInIndex = 0; path = Pods_SwiftExampleApp_SwiftExampleAppUITests.framework; sourceTree = BUILT_PRODUCTS_DIR; };
		D8FFBCF43B0E88669F4DDED3 /* Pods_SwiftExampleApp.framework */ = {isa = PBXFileReference; explicitFileType = wrapper.framework; includeInIndex = 0; path = Pods_SwiftExampleApp.framework; sourceTree = BUILT_PRODUCTS_DIR; };
/* End PBXFileReference section */

/* Begin PBXFrameworksBuildPhase section */
		448AB1DC2450DF22004A11CB /* Frameworks */ = {
			isa = PBXFrameworksBuildPhase;
			buildActionMask = 2147483647;
			files = (
				C82C2B8CD5388E644731B189 /* Pods_SwiftExampleApp.framework in Frameworks */,
			);
			runOnlyForDeploymentPostprocessing = 0;
		};
		448AB1F22450DF24004A11CB /* Frameworks */ = {
			isa = PBXFrameworksBuildPhase;
			buildActionMask = 2147483647;
			files = (
				B763B0BA0E70403D0411DB3C /* Pods_SwiftExampleAppTests.framework in Frameworks */,
			);
			runOnlyForDeploymentPostprocessing = 0;
		};
		448AB1FD2450DF24004A11CB /* Frameworks */ = {
			isa = PBXFrameworksBuildPhase;
			buildActionMask = 2147483647;
			files = (
				49584B8CB009346FCBBF5DC0 /* Pods_SwiftExampleApp_SwiftExampleAppUITests.framework in Frameworks */,
			);
			runOnlyForDeploymentPostprocessing = 0;
		};
/* End PBXFrameworksBuildPhase section */

/* Begin PBXGroup section */
		3056872B2581196500195C93 /* Settings */ = {
			isa = PBXGroup;
			children = (
				3056875925812F5D00195C93 /* Models */,
				3056872C2581197100195C93 /* SettingsModule.swift */,
				3056875125812F5600195C93 /* SettingsViewController.swift */,
			);
			path = Settings;
			sourceTree = "<group>";
		};
		3056875925812F5D00195C93 /* Models */ = {
			isa = PBXGroup;
			children = (
				3056873F2581227500195C93 /* Settings.swift */,
				305687442581280600195C93 /* SettingsKeys.swift */,
			);
			path = Models;
			sourceTree = "<group>";
		};
		305687EF2582385B00195C93 /* Results */ = {
			isa = PBXGroup;
			children = (
				305689F5258377EE00195C93 /* Components */,
				3056881725823CE000195C93 /* Models */,
				30568808258238A400195C93 /* ResultsModule.swift */,
				3056880D258238AE00195C93 /* ResultsViewController.swift */,
				30568812258238B600195C93 /* ResultsInteractor.swift */,
			);
			path = Results;
			sourceTree = "<group>";
		};
		3056881725823CE000195C93 /* Models */ = {
			isa = PBXGroup;
			children = (
				3056881825823CF000195C93 /* Result.swift */,
				3056882025823D1300195C93 /* ResultItem.swift */,
			);
			path = Models;
			sourceTree = "<group>";
		};
		305689F5258377EE00195C93 /* Components */ = {
			isa = PBXGroup;
			children = (
				305689F6258377FB00195C93 /* ResultsCell.swift */,
				305689FB2583786700195C93 /* ResultsViewModel.swift */,
			);
			path = Components;
			sourceTree = "<group>";
		};
		30568A0C2583AD7100195C93 /* Token */ = {
			isa = PBXGroup;
			children = (
				30568A0D2583AD8900195C93 /* TokenModule.swift */,
				30568A152583AD9200195C93 /* TokenViewController.swift */,
				30568A1A2583AD9A00195C93 /* TokenInteractor.swift */,
			);
			path = Token;
			sourceTree = "<group>";
		};
		305853B6257F79AF000B00DF /* Modules */ = {
			isa = PBXGroup;
			children = (
				30FF8EAD259B370B0077B5C8 /* ApplePay */,
				30E1098925877417000284CD /* PBBA */,
				305853B7257F79B7000B00DF /* Home */,
				30568A0C2583AD7100195C93 /* Token */,
				3056872B2581196500195C93 /* Settings */,
				305687EF2582385B00195C93 /* Results */,
			);
			path = Modules;
			sourceTree = "<group>";
		};
		305853B7257F79B7000B00DF /* Home */ = {
			isa = PBXGroup;
			children = (
				3058541C257F9F15000B00DF /* Services */,
				305853BD257F7B6A000B00DF /* Components */,
				305853CE257F813D000B00DF /* HomeModule.swift */,
				305853B8257F79CC000B00DF /* HomeViewController.swift */,
				305853D3257F8171000B00DF /* HomeInteractor.swift */,
			);
			path = Home;
			sourceTree = "<group>";
		};
		305853BD257F7B6A000B00DF /* Components */ = {
			isa = PBXGroup;
			children = (
				305853BE257F7C9F000B00DF /* FeatureCell.swift */,
				305853C6257F7EC9000B00DF /* FeatureViewModel.swift */,
			);
			path = Components;
			sourceTree = "<group>";
		};
		3058541C257F9F15000B00DF /* Services */ = {
			isa = PBXGroup;
			children = (
				305853DB257F83D0000B00DF /* FeatureRepository.swift */,
				3058541D257F9F32000B00DF /* FeatureService.swift */,
			);
			path = Services;
			sourceTree = "<group>";
		};
		30585425257FAB89000B00DF /* Extensions */ = {
			isa = PBXGroup;
			children = (
				30585426257FABA4000B00DF /* UIViewController+Additions.swift */,
				3056874C25812D9900195C93 /* IASKAppSettingsViewController+Additions.swift */,
				305689F025836F3000195C93 /* NSObject+Additions.swift */,
			);
			path = Extensions;
			sourceTree = "<group>";
		};
		30E1098925877417000284CD /* PBBA */ = {
			isa = PBXGroup;
			children = (
				30E1098A25877428000284CD /* PBBAModule.swift */,
				30E1099225877436000284CD /* PBBAViewController.swift */,
				30E109972587743E000284CD /* PBBAInteractor.swift */,
			);
			path = PBBA;
			sourceTree = "<group>";
		};
		30FF8EAD259B370B0077B5C8 /* ApplePay */ = {
			isa = PBXGroup;
			children = (
				30FF8EB4259B37200077B5C8 /* ApplePayModule.swift */,
				30FF8EB9259B37290077B5C8 /* ApplePayViewController.swift */,
			);
			path = ApplePay;
			sourceTree = "<group>";
		};
		448AB1D62450DF22004A11CB = {
			isa = PBXGroup;
			children = (
				448AB1E12450DF22004A11CB /* SwiftExampleApp */,
				448AB1F82450DF24004A11CB /* SwiftExampleAppTests */,
				448AB2032450DF24004A11CB /* SwiftExampleAppUITests */,
				448AB1E02450DF22004A11CB /* Products */,
				DA527D3008B4EDCB59C25A41 /* Pods */,
				6F849877BC17F188F5323F07 /* Frameworks */,
			);
			sourceTree = "<group>";
		};
		448AB1E02450DF22004A11CB /* Products */ = {
			isa = PBXGroup;
			children = (
				448AB1DF2450DF22004A11CB /* Judopay demo.app */,
				448AB1F52450DF24004A11CB /* SwiftExampleAppTests.xctest */,
				448AB2002450DF24004A11CB /* SwiftExampleAppUITests.xctest */,
			);
			name = Products;
			sourceTree = "<group>";
		};
		448AB1E12450DF22004A11CB /* SwiftExampleApp */ = {
			isa = PBXGroup;
			children = (
				4494952E2450F6A90050C6A0 /* SwiftExampleApp.entitlements */,
				30585425257FAB89000B00DF /* Extensions */,
				305853B6257F79AF000B00DF /* Modules */,
				448AB1E22450DF22004A11CB /* AppDelegate.swift */,
				305687262581193500195C93 /* AppCoordinator.swift */,
				448AB1EB2450DF24004A11CB /* Assets.xcassets */,
				448AB1ED2450DF24004A11CB /* LaunchScreen.storyboard */,
				448AB1F02450DF24004A11CB /* Info.plist */,
				305687162581014600195C93 /* Settings.bundle */,
			);
			path = SwiftExampleApp;
			sourceTree = "<group>";
		};
		448AB1F82450DF24004A11CB /* SwiftExampleAppTests */ = {
			isa = PBXGroup;
			children = (
				448AB1FB2450DF24004A11CB /* Info.plist */,
			);
			path = SwiftExampleAppTests;
			sourceTree = "<group>";
		};
		448AB2032450DF24004A11CB /* SwiftExampleAppUITests */ = {
			isa = PBXGroup;
			children = (
				448AB2062450DF24004A11CB /* Info.plist */,
			);
			path = SwiftExampleAppUITests;
			sourceTree = "<group>";
		};
		6F849877BC17F188F5323F07 /* Frameworks */ = {
			isa = PBXGroup;
			children = (
				D8FFBCF43B0E88669F4DDED3 /* Pods_SwiftExampleApp.framework */,
				D44002E1B9DB19BC377EDE0C /* Pods_SwiftExampleApp_SwiftExampleAppUITests.framework */,
				C721A0EA88E53947BF0C4D32 /* Pods_SwiftExampleAppTests.framework */,
			);
			name = Frameworks;
			sourceTree = "<group>";
		};
		DA527D3008B4EDCB59C25A41 /* Pods */ = {
			isa = PBXGroup;
			children = (
				C1C7D453B0F2D8A54EF0682A /* Pods-SwiftExampleApp.debug.xcconfig */,
				4FF41A0D09D96AA0DBF10E82 /* Pods-SwiftExampleApp.release.xcconfig */,
				0308455F033B8095A10801D6 /* Pods-SwiftExampleApp-SwiftExampleAppUITests.debug.xcconfig */,
				BB51388758C04FBB45FE0CE3 /* Pods-SwiftExampleApp-SwiftExampleAppUITests.release.xcconfig */,
				59582CF274093B83FB4DC7FC /* Pods-SwiftExampleAppTests.debug.xcconfig */,
				A177A2DBBC2751C575930C16 /* Pods-SwiftExampleAppTests.release.xcconfig */,
			);
			path = Pods;
			sourceTree = "<group>";
		};
/* End PBXGroup section */

/* Begin PBXNativeTarget section */
		448AB1DE2450DF22004A11CB /* SwiftExampleApp */ = {
			isa = PBXNativeTarget;
			buildConfigurationList = 448AB2092450DF24004A11CB /* Build configuration list for PBXNativeTarget "SwiftExampleApp" */;
			buildPhases = (
				0B1AED5CD72D0DB598F9F494 /* [CP] Check Pods Manifest.lock */,
				448AB1DB2450DF22004A11CB /* Sources */,
				448AB1DC2450DF22004A11CB /* Frameworks */,
				448AB1DD2450DF22004A11CB /* Resources */,
				EA034AB2A9D05EECEF5BBE13 /* [CP] Embed Pods Frameworks */,
				305687E22582254600195C93 /* ShellScript */,
			);
			buildRules = (
			);
			dependencies = (
			);
			name = SwiftExampleApp;
			productName = SwiftExampleApp;
			productReference = 448AB1DF2450DF22004A11CB /* Judopay demo.app */;
			productType = "com.apple.product-type.application";
		};
		448AB1F42450DF24004A11CB /* SwiftExampleAppTests */ = {
			isa = PBXNativeTarget;
			buildConfigurationList = 448AB20C2450DF24004A11CB /* Build configuration list for PBXNativeTarget "SwiftExampleAppTests" */;
			buildPhases = (
				5CB7ABF541F86F077760E55E /* [CP] Check Pods Manifest.lock */,
				448AB1F12450DF24004A11CB /* Sources */,
				448AB1F22450DF24004A11CB /* Frameworks */,
				448AB1F32450DF24004A11CB /* Resources */,
			);
			buildRules = (
			);
			dependencies = (
				448AB1F72450DF24004A11CB /* PBXTargetDependency */,
			);
			name = SwiftExampleAppTests;
			productName = SwiftExampleAppTests;
			productReference = 448AB1F52450DF24004A11CB /* SwiftExampleAppTests.xctest */;
			productType = "com.apple.product-type.bundle.unit-test";
		};
		448AB1FF2450DF24004A11CB /* SwiftExampleAppUITests */ = {
			isa = PBXNativeTarget;
			buildConfigurationList = 448AB20F2450DF24004A11CB /* Build configuration list for PBXNativeTarget "SwiftExampleAppUITests" */;
			buildPhases = (
				F7317C78C3087310204523AA /* [CP] Check Pods Manifest.lock */,
				448AB1FC2450DF24004A11CB /* Sources */,
				448AB1FD2450DF24004A11CB /* Frameworks */,
				448AB1FE2450DF24004A11CB /* Resources */,
				121CF09DF81288612E4D1DE3 /* [CP] Embed Pods Frameworks */,
			);
			buildRules = (
			);
			dependencies = (
				448AB2022450DF24004A11CB /* PBXTargetDependency */,
			);
			name = SwiftExampleAppUITests;
			productName = SwiftExampleAppUITests;
			productReference = 448AB2002450DF24004A11CB /* SwiftExampleAppUITests.xctest */;
			productType = "com.apple.product-type.bundle.ui-testing";
		};
/* End PBXNativeTarget section */

/* Begin PBXProject section */
		448AB1D72450DF22004A11CB /* Project object */ = {
			isa = PBXProject;
			attributes = {
				LastSwiftUpdateCheck = 1140;
				LastUpgradeCheck = 1140;
				ORGANIZATIONNAME = Judopay;
				TargetAttributes = {
					448AB1DE2450DF22004A11CB = {
						CreatedOnToolsVersion = 11.4.1;
					};
					448AB1F42450DF24004A11CB = {
						CreatedOnToolsVersion = 11.4.1;
						TestTargetID = 448AB1DE2450DF22004A11CB;
					};
					448AB1FF2450DF24004A11CB = {
						CreatedOnToolsVersion = 11.4.1;
						TestTargetID = 448AB1DE2450DF22004A11CB;
					};
				};
			};
			buildConfigurationList = 448AB1DA2450DF22004A11CB /* Build configuration list for PBXProject "SwiftExampleApp" */;
			compatibilityVersion = "Xcode 9.3";
			developmentRegion = en;
			hasScannedForEncodings = 0;
			knownRegions = (
				en,
				Base,
			);
			mainGroup = 448AB1D62450DF22004A11CB;
			productRefGroup = 448AB1E02450DF22004A11CB /* Products */;
			projectDirPath = "";
			projectRoot = "";
			targets = (
				448AB1DE2450DF22004A11CB /* SwiftExampleApp */,
				448AB1F42450DF24004A11CB /* SwiftExampleAppTests */,
				448AB1FF2450DF24004A11CB /* SwiftExampleAppUITests */,
			);
		};
/* End PBXProject section */

/* Begin PBXResourcesBuildPhase section */
		448AB1DD2450DF22004A11CB /* Resources */ = {
			isa = PBXResourcesBuildPhase;
			buildActionMask = 2147483647;
			files = (
				448AB1EF2450DF24004A11CB /* LaunchScreen.storyboard in Resources */,
				305687172581014600195C93 /* Settings.bundle in Resources */,
				448AB1EC2450DF24004A11CB /* Assets.xcassets in Resources */,
			);
			runOnlyForDeploymentPostprocessing = 0;
		};
		448AB1F32450DF24004A11CB /* Resources */ = {
			isa = PBXResourcesBuildPhase;
			buildActionMask = 2147483647;
			files = (
			);
			runOnlyForDeploymentPostprocessing = 0;
		};
		448AB1FE2450DF24004A11CB /* Resources */ = {
			isa = PBXResourcesBuildPhase;
			buildActionMask = 2147483647;
			files = (
			);
			runOnlyForDeploymentPostprocessing = 0;
		};
/* End PBXResourcesBuildPhase section */

/* Begin PBXShellScriptBuildPhase section */
		0B1AED5CD72D0DB598F9F494 /* [CP] Check Pods Manifest.lock */ = {
			isa = PBXShellScriptBuildPhase;
			buildActionMask = 2147483647;
			files = (
			);
			inputFileListPaths = (
			);
			inputPaths = (
				"${PODS_PODFILE_DIR_PATH}/Podfile.lock",
				"${PODS_ROOT}/Manifest.lock",
			);
			name = "[CP] Check Pods Manifest.lock";
			outputFileListPaths = (
			);
			outputPaths = (
				"$(DERIVED_FILE_DIR)/Pods-SwiftExampleApp-checkManifestLockResult.txt",
			);
			runOnlyForDeploymentPostprocessing = 0;
			shellPath = /bin/sh;
			shellScript = "diff \"${PODS_PODFILE_DIR_PATH}/Podfile.lock\" \"${PODS_ROOT}/Manifest.lock\" > /dev/null\nif [ $? != 0 ] ; then\n    # print error to STDERR\n    echo \"error: The sandbox is not in sync with the Podfile.lock. Run 'pod install' or update your CocoaPods installation.\" >&2\n    exit 1\nfi\n# This output is used by Xcode 'outputs' to avoid re-running this script phase.\necho \"SUCCESS\" > \"${SCRIPT_OUTPUT_FILE_0}\"\n";
			showEnvVarsInLog = 0;
		};
		121CF09DF81288612E4D1DE3 /* [CP] Embed Pods Frameworks */ = {
			isa = PBXShellScriptBuildPhase;
			buildActionMask = 2147483647;
			files = (
			);
			inputFileListPaths = (
				"${PODS_ROOT}/Target Support Files/Pods-SwiftExampleApp-SwiftExampleAppUITests/Pods-SwiftExampleApp-SwiftExampleAppUITests-frameworks-${CONFIGURATION}-input-files.xcfilelist",
			);
			name = "[CP] Embed Pods Frameworks";
			outputFileListPaths = (
				"${PODS_ROOT}/Target Support Files/Pods-SwiftExampleApp-SwiftExampleAppUITests/Pods-SwiftExampleApp-SwiftExampleAppUITests-frameworks-${CONFIGURATION}-output-files.xcfilelist",
			);
			runOnlyForDeploymentPostprocessing = 0;
			shellPath = /bin/sh;
			shellScript = "\"${PODS_ROOT}/Target Support Files/Pods-SwiftExampleApp-SwiftExampleAppUITests/Pods-SwiftExampleApp-SwiftExampleAppUITests-frameworks.sh\"\n";
			showEnvVarsInLog = 0;
		};
		305687E22582254600195C93 /* ShellScript */ = {
			isa = PBXShellScriptBuildPhase;
			buildActionMask = 2147483647;
			files = (
			);
			inputFileListPaths = (
			);
			inputPaths = (
			);
			outputFileListPaths = (
			);
			outputPaths = (
			);
			runOnlyForDeploymentPostprocessing = 0;
			shellPath = /bin/sh;
			shellScript = "alias swiftlint = \"${PODS_ROOT}/SwiftLint/swiftlint\"\nswiftlint autocorrect && swiftlint\n";
		};
		5CB7ABF541F86F077760E55E /* [CP] Check Pods Manifest.lock */ = {
			isa = PBXShellScriptBuildPhase;
			buildActionMask = 2147483647;
			files = (
			);
			inputFileListPaths = (
			);
			inputPaths = (
				"${PODS_PODFILE_DIR_PATH}/Podfile.lock",
				"${PODS_ROOT}/Manifest.lock",
			);
			name = "[CP] Check Pods Manifest.lock";
			outputFileListPaths = (
			);
			outputPaths = (
				"$(DERIVED_FILE_DIR)/Pods-SwiftExampleAppTests-checkManifestLockResult.txt",
			);
			runOnlyForDeploymentPostprocessing = 0;
			shellPath = /bin/sh;
			shellScript = "diff \"${PODS_PODFILE_DIR_PATH}/Podfile.lock\" \"${PODS_ROOT}/Manifest.lock\" > /dev/null\nif [ $? != 0 ] ; then\n    # print error to STDERR\n    echo \"error: The sandbox is not in sync with the Podfile.lock. Run 'pod install' or update your CocoaPods installation.\" >&2\n    exit 1\nfi\n# This output is used by Xcode 'outputs' to avoid re-running this script phase.\necho \"SUCCESS\" > \"${SCRIPT_OUTPUT_FILE_0}\"\n";
			showEnvVarsInLog = 0;
		};
		EA034AB2A9D05EECEF5BBE13 /* [CP] Embed Pods Frameworks */ = {
			isa = PBXShellScriptBuildPhase;
			buildActionMask = 2147483647;
			files = (
			);
			inputFileListPaths = (
				"${PODS_ROOT}/Target Support Files/Pods-SwiftExampleApp/Pods-SwiftExampleApp-frameworks-${CONFIGURATION}-input-files.xcfilelist",
			);
			name = "[CP] Embed Pods Frameworks";
			outputFileListPaths = (
				"${PODS_ROOT}/Target Support Files/Pods-SwiftExampleApp/Pods-SwiftExampleApp-frameworks-${CONFIGURATION}-output-files.xcfilelist",
			);
			runOnlyForDeploymentPostprocessing = 0;
			shellPath = /bin/sh;
			shellScript = "\"${PODS_ROOT}/Target Support Files/Pods-SwiftExampleApp/Pods-SwiftExampleApp-frameworks.sh\"\n";
			showEnvVarsInLog = 0;
		};
		F7317C78C3087310204523AA /* [CP] Check Pods Manifest.lock */ = {
			isa = PBXShellScriptBuildPhase;
			buildActionMask = 2147483647;
			files = (
			);
			inputFileListPaths = (
			);
			inputPaths = (
				"${PODS_PODFILE_DIR_PATH}/Podfile.lock",
				"${PODS_ROOT}/Manifest.lock",
			);
			name = "[CP] Check Pods Manifest.lock";
			outputFileListPaths = (
			);
			outputPaths = (
				"$(DERIVED_FILE_DIR)/Pods-SwiftExampleApp-SwiftExampleAppUITests-checkManifestLockResult.txt",
			);
			runOnlyForDeploymentPostprocessing = 0;
			shellPath = /bin/sh;
			shellScript = "diff \"${PODS_PODFILE_DIR_PATH}/Podfile.lock\" \"${PODS_ROOT}/Manifest.lock\" > /dev/null\nif [ $? != 0 ] ; then\n    # print error to STDERR\n    echo \"error: The sandbox is not in sync with the Podfile.lock. Run 'pod install' or update your CocoaPods installation.\" >&2\n    exit 1\nfi\n# This output is used by Xcode 'outputs' to avoid re-running this script phase.\necho \"SUCCESS\" > \"${SCRIPT_OUTPUT_FILE_0}\"\n";
			showEnvVarsInLog = 0;
		};
/* End PBXShellScriptBuildPhase section */

/* Begin PBXSourcesBuildPhase section */
		448AB1DB2450DF22004A11CB /* Sources */ = {
			isa = PBXSourcesBuildPhase;
			buildActionMask = 2147483647;
			files = (
				30E1098B25877428000284CD /* PBBAModule.swift in Sources */,
				305853CF257F813D000B00DF /* HomeModule.swift in Sources */,
				30E109982587743E000284CD /* PBBAInteractor.swift in Sources */,
				3056882125823D1300195C93 /* ResultItem.swift in Sources */,
				305689F125836F3000195C93 /* NSObject+Additions.swift in Sources */,
				30568813258238B600195C93 /* ResultsInteractor.swift in Sources */,
				3056881925823CF000195C93 /* Result.swift in Sources */,
				3056872D2581197100195C93 /* SettingsModule.swift in Sources */,
				305687402581227500195C93 /* Settings.swift in Sources */,
				448AB1E32450DF22004A11CB /* AppDelegate.swift in Sources */,
				305687272581193500195C93 /* AppCoordinator.swift in Sources */,
				305853B9257F79CC000B00DF /* HomeViewController.swift in Sources */,
				30568809258238A400195C93 /* ResultsModule.swift in Sources */,
				3056880E258238AE00195C93 /* ResultsViewController.swift in Sources */,
				30568A162583AD9200195C93 /* TokenViewController.swift in Sources */,
				305687452581280600195C93 /* SettingsKeys.swift in Sources */,
				30E1099325877436000284CD /* PBBAViewController.swift in Sources */,
				3056875225812F5600195C93 /* SettingsViewController.swift in Sources */,
				3056874D25812D9900195C93 /* IASKAppSettingsViewController+Additions.swift in Sources */,
				305853DC257F83D0000B00DF /* FeatureRepository.swift in Sources */,
				305689FC2583786700195C93 /* ResultsViewModel.swift in Sources */,
				30568A1B2583AD9A00195C93 /* TokenInteractor.swift in Sources */,
				305689F7258377FB00195C93 /* ResultsCell.swift in Sources */,
				3058541E257F9F32000B00DF /* FeatureService.swift in Sources */,
				30568A0E2583AD8900195C93 /* TokenModule.swift in Sources */,
				30585427257FABA4000B00DF /* UIViewController+Additions.swift in Sources */,
				305853D4257F8171000B00DF /* HomeInteractor.swift in Sources */,
				305853C7257F7EC9000B00DF /* FeatureViewModel.swift in Sources */,
				30FF8EBA259B37290077B5C8 /* ApplePayViewController.swift in Sources */,
				305853BF257F7C9F000B00DF /* FeatureCell.swift in Sources */,
				30FF8EB5259B37200077B5C8 /* ApplePayModule.swift in Sources */,
			);
			runOnlyForDeploymentPostprocessing = 0;
		};
		448AB1F12450DF24004A11CB /* Sources */ = {
			isa = PBXSourcesBuildPhase;
			buildActionMask = 2147483647;
			files = (
			);
			runOnlyForDeploymentPostprocessing = 0;
		};
		448AB1FC2450DF24004A11CB /* Sources */ = {
			isa = PBXSourcesBuildPhase;
			buildActionMask = 2147483647;
			files = (
			);
			runOnlyForDeploymentPostprocessing = 0;
		};
/* End PBXSourcesBuildPhase section */

/* Begin PBXTargetDependency section */
		448AB1F72450DF24004A11CB /* PBXTargetDependency */ = {
			isa = PBXTargetDependency;
			target = 448AB1DE2450DF22004A11CB /* SwiftExampleApp */;
			targetProxy = 448AB1F62450DF24004A11CB /* PBXContainerItemProxy */;
		};
		448AB2022450DF24004A11CB /* PBXTargetDependency */ = {
			isa = PBXTargetDependency;
			target = 448AB1DE2450DF22004A11CB /* SwiftExampleApp */;
			targetProxy = 448AB2012450DF24004A11CB /* PBXContainerItemProxy */;
		};
/* End PBXTargetDependency section */

/* Begin PBXVariantGroup section */
		448AB1ED2450DF24004A11CB /* LaunchScreen.storyboard */ = {
			isa = PBXVariantGroup;
			children = (
				448AB1EE2450DF24004A11CB /* Base */,
			);
			name = LaunchScreen.storyboard;
			sourceTree = "<group>";
		};
/* End PBXVariantGroup section */

/* Begin XCBuildConfiguration section */
		448AB2072450DF24004A11CB /* Debug */ = {
			isa = XCBuildConfiguration;
			buildSettings = {
				ALWAYS_SEARCH_USER_PATHS = NO;
				CLANG_ANALYZER_NONNULL = YES;
				CLANG_ANALYZER_NUMBER_OBJECT_CONVERSION = YES_AGGRESSIVE;
				CLANG_CXX_LANGUAGE_STANDARD = "gnu++14";
				CLANG_CXX_LIBRARY = "libc++";
				CLANG_ENABLE_MODULES = YES;
				CLANG_ENABLE_OBJC_ARC = YES;
				CLANG_ENABLE_OBJC_WEAK = YES;
				CLANG_WARN_BLOCK_CAPTURE_AUTORELEASING = YES;
				CLANG_WARN_BOOL_CONVERSION = YES;
				CLANG_WARN_COMMA = YES;
				CLANG_WARN_CONSTANT_CONVERSION = YES;
				CLANG_WARN_DEPRECATED_OBJC_IMPLEMENTATIONS = YES;
				CLANG_WARN_DIRECT_OBJC_ISA_USAGE = YES_ERROR;
				CLANG_WARN_DOCUMENTATION_COMMENTS = YES;
				CLANG_WARN_EMPTY_BODY = YES;
				CLANG_WARN_ENUM_CONVERSION = YES;
				CLANG_WARN_INFINITE_RECURSION = YES;
				CLANG_WARN_INT_CONVERSION = YES;
				CLANG_WARN_NON_LITERAL_NULL_CONVERSION = YES;
				CLANG_WARN_OBJC_IMPLICIT_RETAIN_SELF = YES;
				CLANG_WARN_OBJC_LITERAL_CONVERSION = YES;
				CLANG_WARN_OBJC_ROOT_CLASS = YES_ERROR;
				CLANG_WARN_RANGE_LOOP_ANALYSIS = YES;
				CLANG_WARN_STRICT_PROTOTYPES = YES;
				CLANG_WARN_SUSPICIOUS_MOVE = YES;
				CLANG_WARN_UNGUARDED_AVAILABILITY = YES_AGGRESSIVE;
				CLANG_WARN_UNREACHABLE_CODE = YES;
				CLANG_WARN__DUPLICATE_METHOD_MATCH = YES;
				COPY_PHASE_STRIP = NO;
				DEBUG_INFORMATION_FORMAT = dwarf;
				ENABLE_STRICT_OBJC_MSGSEND = YES;
				ENABLE_TESTABILITY = YES;
				GCC_C_LANGUAGE_STANDARD = gnu11;
				GCC_DYNAMIC_NO_PIC = NO;
				GCC_NO_COMMON_BLOCKS = YES;
				GCC_OPTIMIZATION_LEVEL = 0;
				GCC_PREPROCESSOR_DEFINITIONS = (
					"DEBUG=1",
					"$(inherited)",
				);
				GCC_WARN_64_TO_32_BIT_CONVERSION = YES;
				GCC_WARN_ABOUT_RETURN_TYPE = YES_ERROR;
				GCC_WARN_UNDECLARED_SELECTOR = YES;
				GCC_WARN_UNINITIALIZED_AUTOS = YES_AGGRESSIVE;
				GCC_WARN_UNUSED_FUNCTION = YES;
				GCC_WARN_UNUSED_VARIABLE = YES;
				IPHONEOS_DEPLOYMENT_TARGET = 13.0;
				MTL_ENABLE_DEBUG_INFO = INCLUDE_SOURCE;
				MTL_FAST_MATH = YES;
				ONLY_ACTIVE_ARCH = YES;
				SDKROOT = iphoneos;
				SWIFT_ACTIVE_COMPILATION_CONDITIONS = DEBUG;
				SWIFT_OPTIMIZATION_LEVEL = "-Onone";
			};
			name = Debug;
		};
		448AB2082450DF24004A11CB /* Release */ = {
			isa = XCBuildConfiguration;
			buildSettings = {
				ALWAYS_SEARCH_USER_PATHS = NO;
				CLANG_ANALYZER_NONNULL = YES;
				CLANG_ANALYZER_NUMBER_OBJECT_CONVERSION = YES_AGGRESSIVE;
				CLANG_CXX_LANGUAGE_STANDARD = "gnu++14";
				CLANG_CXX_LIBRARY = "libc++";
				CLANG_ENABLE_MODULES = YES;
				CLANG_ENABLE_OBJC_ARC = YES;
				CLANG_ENABLE_OBJC_WEAK = YES;
				CLANG_WARN_BLOCK_CAPTURE_AUTORELEASING = YES;
				CLANG_WARN_BOOL_CONVERSION = YES;
				CLANG_WARN_COMMA = YES;
				CLANG_WARN_CONSTANT_CONVERSION = YES;
				CLANG_WARN_DEPRECATED_OBJC_IMPLEMENTATIONS = YES;
				CLANG_WARN_DIRECT_OBJC_ISA_USAGE = YES_ERROR;
				CLANG_WARN_DOCUMENTATION_COMMENTS = YES;
				CLANG_WARN_EMPTY_BODY = YES;
				CLANG_WARN_ENUM_CONVERSION = YES;
				CLANG_WARN_INFINITE_RECURSION = YES;
				CLANG_WARN_INT_CONVERSION = YES;
				CLANG_WARN_NON_LITERAL_NULL_CONVERSION = YES;
				CLANG_WARN_OBJC_IMPLICIT_RETAIN_SELF = YES;
				CLANG_WARN_OBJC_LITERAL_CONVERSION = YES;
				CLANG_WARN_OBJC_ROOT_CLASS = YES_ERROR;
				CLANG_WARN_RANGE_LOOP_ANALYSIS = YES;
				CLANG_WARN_STRICT_PROTOTYPES = YES;
				CLANG_WARN_SUSPICIOUS_MOVE = YES;
				CLANG_WARN_UNGUARDED_AVAILABILITY = YES_AGGRESSIVE;
				CLANG_WARN_UNREACHABLE_CODE = YES;
				CLANG_WARN__DUPLICATE_METHOD_MATCH = YES;
				COPY_PHASE_STRIP = NO;
				DEBUG_INFORMATION_FORMAT = "dwarf-with-dsym";
				ENABLE_NS_ASSERTIONS = NO;
				ENABLE_STRICT_OBJC_MSGSEND = YES;
				GCC_C_LANGUAGE_STANDARD = gnu11;
				GCC_NO_COMMON_BLOCKS = YES;
				GCC_WARN_64_TO_32_BIT_CONVERSION = YES;
				GCC_WARN_ABOUT_RETURN_TYPE = YES_ERROR;
				GCC_WARN_UNDECLARED_SELECTOR = YES;
				GCC_WARN_UNINITIALIZED_AUTOS = YES_AGGRESSIVE;
				GCC_WARN_UNUSED_FUNCTION = YES;
				GCC_WARN_UNUSED_VARIABLE = YES;
				IPHONEOS_DEPLOYMENT_TARGET = 13.0;
				MTL_ENABLE_DEBUG_INFO = NO;
				MTL_FAST_MATH = YES;
				SDKROOT = iphoneos;
				SWIFT_COMPILATION_MODE = wholemodule;
				SWIFT_OPTIMIZATION_LEVEL = "-O";
				VALIDATE_PRODUCT = YES;
			};
			name = Release;
		};
		448AB20A2450DF24004A11CB /* Debug */ = {
			isa = XCBuildConfiguration;
			baseConfigurationReference = C1C7D453B0F2D8A54EF0682A /* Pods-SwiftExampleApp.debug.xcconfig */;
			buildSettings = {
				ASSETCATALOG_COMPILER_APPICON_NAME = AppIcon;
				CODE_SIGN_IDENTITY = "Apple Development";
				CODE_SIGN_STYLE = Manual;
				DEVELOPMENT_TEAM = "";
				INFOPLIST_FILE = SwiftExampleApp/Info.plist;
				LD_RUNPATH_SEARCH_PATHS = (
					"$(inherited)",
					"@executable_path/Frameworks",
				);
				MARKETING_VERSION = 2.3.1;
				PRODUCT_BUNDLE_IDENTIFIER = com.judo.JudoPayDemoSwift;
				PRODUCT_NAME = "Judopay demo";
				PROVISIONING_PROFILE_SPECIFIER = "";
				SWIFT_VERSION = 5.0;
				TARGETED_DEVICE_FAMILY = 1;
			};
			name = Debug;
		};
		448AB20B2450DF24004A11CB /* Release */ = {
			isa = XCBuildConfiguration;
			baseConfigurationReference = 4FF41A0D09D96AA0DBF10E82 /* Pods-SwiftExampleApp.release.xcconfig */;
			buildSettings = {
				ASSETCATALOG_COMPILER_APPICON_NAME = AppIcon;
				CODE_SIGN_IDENTITY = "Apple Development";
				CODE_SIGN_STYLE = Manual;
				DEVELOPMENT_TEAM = "";
				INFOPLIST_FILE = SwiftExampleApp/Info.plist;
				LD_RUNPATH_SEARCH_PATHS = (
					"$(inherited)",
					"@executable_path/Frameworks",
				);
				MARKETING_VERSION = 2.3.1;
				PRODUCT_BUNDLE_IDENTIFIER = com.judo.JudoPayDemoSwift;
				PRODUCT_NAME = "Judopay demo";
				PROVISIONING_PROFILE_SPECIFIER = "";
				SWIFT_VERSION = 5.0;
				TARGETED_DEVICE_FAMILY = 1;
			};
			name = Release;
		};
		448AB20D2450DF24004A11CB /* Debug */ = {
			isa = XCBuildConfiguration;
			baseConfigurationReference = 59582CF274093B83FB4DC7FC /* Pods-SwiftExampleAppTests.debug.xcconfig */;
			buildSettings = {
				BUNDLE_LOADER = "$(TEST_HOST)";
				CODE_SIGN_STYLE = Automatic;
				INFOPLIST_FILE = SwiftExampleAppTests/Info.plist;
				IPHONEOS_DEPLOYMENT_TARGET = 13.4;
				LD_RUNPATH_SEARCH_PATHS = (
					"$(inherited)",
					"@executable_path/Frameworks",
					"@loader_path/Frameworks",
				);
				PRODUCT_BUNDLE_IDENTIFIER = com.judo.JudoPayDemoObjC.SwiftExampleAppTests;
				PRODUCT_NAME = "$(TARGET_NAME)";
				SWIFT_VERSION = 5.0;
				TARGETED_DEVICE_FAMILY = "1,2";
				TEST_HOST = "$(BUILT_PRODUCTS_DIR)/SwiftExampleApp.app/SwiftExampleApp";
			};
			name = Debug;
		};
		448AB20E2450DF24004A11CB /* Release */ = {
			isa = XCBuildConfiguration;
			baseConfigurationReference = A177A2DBBC2751C575930C16 /* Pods-SwiftExampleAppTests.release.xcconfig */;
			buildSettings = {
				BUNDLE_LOADER = "$(TEST_HOST)";
				CODE_SIGN_STYLE = Automatic;
				INFOPLIST_FILE = SwiftExampleAppTests/Info.plist;
				IPHONEOS_DEPLOYMENT_TARGET = 13.4;
				LD_RUNPATH_SEARCH_PATHS = (
					"$(inherited)",
					"@executable_path/Frameworks",
					"@loader_path/Frameworks",
				);
				PRODUCT_BUNDLE_IDENTIFIER = com.judo.JudoPayDemoObjC.SwiftExampleAppTests;
				PRODUCT_NAME = "$(TARGET_NAME)";
				SWIFT_VERSION = 5.0;
				TARGETED_DEVICE_FAMILY = "1,2";
				TEST_HOST = "$(BUILT_PRODUCTS_DIR)/SwiftExampleApp.app/SwiftExampleApp";
			};
			name = Release;
		};
		448AB2102450DF24004A11CB /* Debug */ = {
			isa = XCBuildConfiguration;
			baseConfigurationReference = 0308455F033B8095A10801D6 /* Pods-SwiftExampleApp-SwiftExampleAppUITests.debug.xcconfig */;
			buildSettings = {
				CODE_SIGN_STYLE = Automatic;
				INFOPLIST_FILE = SwiftExampleAppUITests/Info.plist;
				LD_RUNPATH_SEARCH_PATHS = (
					"$(inherited)",
					"@executable_path/Frameworks",
					"@loader_path/Frameworks",
				);
				PRODUCT_BUNDLE_IDENTIFIER = com.judo.JudoPayDemoObjC.SwiftExampleAppUITests;
				PRODUCT_NAME = "$(TARGET_NAME)";
				SWIFT_VERSION = 5.0;
				TARGETED_DEVICE_FAMILY = "1,2";
				TEST_TARGET_NAME = SwiftExampleApp;
			};
			name = Debug;
		};
		448AB2112450DF24004A11CB /* Release */ = {
			isa = XCBuildConfiguration;
			baseConfigurationReference = BB51388758C04FBB45FE0CE3 /* Pods-SwiftExampleApp-SwiftExampleAppUITests.release.xcconfig */;
			buildSettings = {
				CODE_SIGN_STYLE = Automatic;
				INFOPLIST_FILE = SwiftExampleAppUITests/Info.plist;
				LD_RUNPATH_SEARCH_PATHS = (
					"$(inherited)",
					"@executable_path/Frameworks",
					"@loader_path/Frameworks",
				);
				PRODUCT_BUNDLE_IDENTIFIER = com.judo.JudoPayDemoObjC.SwiftExampleAppUITests;
				PRODUCT_NAME = "$(TARGET_NAME)";
				SWIFT_VERSION = 5.0;
				TARGETED_DEVICE_FAMILY = "1,2";
				TEST_TARGET_NAME = SwiftExampleApp;
			};
			name = Release;
		};
/* End XCBuildConfiguration section */

/* Begin XCConfigurationList section */
		448AB1DA2450DF22004A11CB /* Build configuration list for PBXProject "SwiftExampleApp" */ = {
			isa = XCConfigurationList;
			buildConfigurations = (
				448AB2072450DF24004A11CB /* Debug */,
				448AB2082450DF24004A11CB /* Release */,
			);
			defaultConfigurationIsVisible = 0;
			defaultConfigurationName = Release;
		};
		448AB2092450DF24004A11CB /* Build configuration list for PBXNativeTarget "SwiftExampleApp" */ = {
			isa = XCConfigurationList;
			buildConfigurations = (
				448AB20A2450DF24004A11CB /* Debug */,
				448AB20B2450DF24004A11CB /* Release */,
			);
			defaultConfigurationIsVisible = 0;
			defaultConfigurationName = Release;
		};
		448AB20C2450DF24004A11CB /* Build configuration list for PBXNativeTarget "SwiftExampleAppTests" */ = {
			isa = XCConfigurationList;
			buildConfigurations = (
				448AB20D2450DF24004A11CB /* Debug */,
				448AB20E2450DF24004A11CB /* Release */,
			);
			defaultConfigurationIsVisible = 0;
			defaultConfigurationName = Release;
		};
		448AB20F2450DF24004A11CB /* Build configuration list for PBXNativeTarget "SwiftExampleAppUITests" */ = {
			isa = XCConfigurationList;
			buildConfigurations = (
				448AB2102450DF24004A11CB /* Debug */,
				448AB2112450DF24004A11CB /* Release */,
			);
			defaultConfigurationIsVisible = 0;
			defaultConfigurationName = Release;
		};
/* End XCConfigurationList section */
	};
	rootObject = 448AB1D72450DF22004A11CB /* Project object */;
}
