<?xml version="1.0" encoding="UTF-8"?>
<Scheme
   LastUpgradeVersion = "1420"
   version = "1.7">
   <BuildAction
      parallelizeBuildables = "YES"
      buildImplicitDependencies = "YES">
      <BuildActionEntries>
         <BuildActionEntry
            buildForTesting = "YES"
            buildForRunning = "YES"
            buildForProfiling = "NO"
            buildForArchiving = "NO"
            buildForAnalyzing = "NO">
            <BuildableReference
               BuildableIdentifier = "primary"
               BlueprintIdentifier = "448AB1C32450DE93004A11CB"
               BuildableName = "ObjectiveCExampleAppUITests.xctest"
               BlueprintName = "ObjectiveCExampleAppUITests"
               ReferencedContainer = "container:ObjectiveCExampleApp.xcodeproj">
            </BuildableReference>
         </BuildActionEntry>
      </BuildActionEntries>
   </BuildAction>
   <TestAction
      buildConfiguration = "Debug"
      selectedDebuggerIdentifier = "Xcode.DebuggerFoundation.Debugger.LLDB"
      selectedLauncherIdentifier = "Xcode.DebuggerFoundation.Launcher.LLDB"
      shouldUseLaunchSchemeArgsEnv = "NO">
      <MacroExpansion>
         <BuildableReference
            BuildableIdentifier = "primary"
            BlueprintIdentifier = "448AB1C32450DE93004A11CB"
            BuildableName = "ObjectiveCExampleAppUITests.xctest"
            BlueprintName = "ObjectiveCExampleAppUITests"
            ReferencedContainer = "container:ObjectiveCExampleApp.xcodeproj">
         </BuildableReference>
      </MacroExpansion>
      <EnvironmentVariables>
         <EnvironmentVariable
            key = "TEST_API_JUDO_ID"
            value = "$(TEST_API_JUDO_ID)"
            isEnabled = "YES">
         </EnvironmentVariable>
         <EnvironmentVariable
            key = "TEST_API_TOKEN"
            value = "$(TEST_API_TOKEN)"
            isEnabled = "YES">
         </EnvironmentVariable>
         <EnvironmentVariable
            key = "TEST_API_SECRET"
            value = "$(TEST_API_SECRET)"
            isEnabled = "YES">
         </EnvironmentVariable>
         <EnvironmentVariable
            key = "RSA_PUBLIC_KEY"
            value = "$(RSA_PUBLIC_KEY)"
            isEnabled = "YES">
         </EnvironmentVariable>
         <EnvironmentVariable
            key = "RAVELIN_MOCK_SERVER_URL"
            value = "$(RAVELIN_MOCK_SERVER_URL)"
            isEnabled = "YES">
         </EnvironmentVariable>
      </EnvironmentVariables>
      <Testables>
         <TestableReference
            skipped = "NO"
            parallelizable = "YES"
            testExecutionOrdering = "random">
            <BuildableReference
               BuildableIdentifier = "primary"
               BlueprintIdentifier = "448AB1C32450DE93004A11CB"
               BuildableName = "ObjectiveCExampleAppUITests.xctest"
               BlueprintName = "ObjectiveCExampleAppUITests"
               ReferencedContainer = "container:ObjectiveCExampleApp.xcodeproj">
            </BuildableReference>
            <SkippedTests>
               <Test
                  Identifier = "CardPaymentUITests/testBillingFieldsInputValidation()">
               </Test>
               <Test
                  Identifier = "CardPaymentUITests/testCancel3DS2ChallengeScreenErrorPopupShouldBeDisplayed()">
               </Test>
               <Test
                  Identifier = "CardPaymentUITests/testCancelledTransactionErrorPopupShouldBeDisplayed()">
               </Test>
               <Test
                  Identifier = "CardPaymentUITests/testDeclinedTransaction()">
               </Test>
               <Test
                  Identifier = "CardPaymentUITests/testFailedTransaction()">
               </Test>
               <Test
                  Identifier = "CardPaymentUITests/testFrictionlessAuthFailedPayment()">
               </Test>
               <Test
                  Identifier = "CardPaymentUITests/testFrictionlessNoMethodPayment()">
               </Test>
               <Test
                  Identifier = "CardPaymentUITests/testOnValidCardDetailsInputSubmitButtonShouldBeEnabled()">
               </Test>
               <Test
                  Identifier = "CardPaymentUITests/testRemoveCardOnPaymentMethods()">
               </Test>
               <Test
                  Identifier = "CardPaymentUITests/testSuccessfulCheckCardTransaction()">
               </Test>
               <Test
                  Identifier = "CardPaymentUITests/testSuccessfulFrictionlessPayment()">
               </Test>
               <Test
                  Identifier = "CardPaymentUITests/testSuccessfulPaymentMethodsCardPayment()">
               </Test>
               <Test
                  Identifier = "CardPaymentUITests/testSuccessfulPaymentWithBillingDetails()">
               </Test>
               <Test
                  Identifier = "CardPaymentUITests/testSuccessfulPreauthMethodsCardPayment()">
               </Test>
               <Test
                  Identifier = "CardPaymentUITests/testSuccessfulPreauthTransaction()">
               </Test>
               <Test
                  Identifier = "CardPaymentUITests/testSuccessfulRegisterCardTransaction()">
               </Test>
               <Test
                  Identifier = "CardPaymentUITests/testSuccessfulTokenPayment()">
               </Test>
               <Test
                  Identifier = "CardPaymentUITests/testSuccessfulTokenPreauth()">
               </Test>
               <Test
                  Identifier = "CardPaymentUITests/testSuccessfulTransaction()">
               </Test>
               <Test
                  Identifier = "CardPaymentUITests/testUSPostCodeValidation()">
               </Test>
               <Test
                  Identifier = "RavelinUITests/testCheckCardAllowAuthenticateLowValueNoPreference()">
               </Test>
               <Test
                  Identifier = "RavelinUITests/testCheckCardAllowAuthoriseTRAChallengeAsMandate()">
               </Test>
               <Test
                  Identifier = "RavelinUITests/testCheckCardPreventAuthenticateLowValueChallenge()">
               </Test>
               <Test
                  Identifier = "RavelinUITests/testCheckCardReviewAuthenticateTRANoChallenge()">
               </Test>
               <Test
                  Identifier = "RavelinUITests/testCheckCardReviewAuthoriseLowValueChallenge()">
               </Test>
               <Test
                  Identifier = "RavelinUITests/testPaymentAllowAuthenticateTRANoChallenge()">
               </Test>
               <Test
                  Identifier = "RavelinUITests/testPaymentAllowAuthoriseLowValueNoPreference()">
               </Test>
               <Test
                  Identifier = "RavelinUITests/testPaymentPreventAuthenticateTRANoPreference()">
               </Test>
               <Test
                  Identifier = "RavelinUITests/testPaymentPreventAuthoriseLowValueChallengeAsMandate()">
               </Test>
               <Test
                  Identifier = "RavelinUITests/testPaymentReviewAuthenticateTRAChallenge()">
               </Test>
               <Test
                  Identifier = "RavelinUITests/testPreAuthAllowAuthenticateLowValueChallenge()">
               </Test>
               <Test
                  Identifier = "RavelinUITests/testPreAuthAllowAuthoriseTRANoChallenge()">
               </Test>
               <Test
                  Identifier = "RavelinUITests/testPreAuthPreventAuthenticateLowValueNoChallenge()">
               </Test>
               <Test
                  Identifier = "RavelinUITests/testPreAuthReviewAuthoriseLowValueChallengeAsMandate()">
               </Test>
               <Test
                  Identifier = "RavelinUITests/testPreAuthReviewAuthoriseTRANoPreference()">
               </Test>
            </SkippedTests>
            <LocationScenarioReference
               identifier = "London, England"
               referenceType = "1">
            </LocationScenarioReference>
         </TestableReference>
      </Testables>
   </TestAction>
   <LaunchAction
      buildConfiguration = "Debug"
      selectedDebuggerIdentifier = "Xcode.DebuggerFoundation.Debugger.LLDB"
      selectedLauncherIdentifier = "Xcode.DebuggerFoundation.Launcher.LLDB"
      launchStyle = "0"
      useCustomWorkingDirectory = "NO"
      ignoresPersistentStateOnLaunch = "NO"
      debugDocumentVersioning = "YES"
      debugServiceExtension = "internal"
      allowLocationSimulation = "YES">
   </LaunchAction>
   <ProfileAction
      buildConfiguration = "Release"
      shouldUseLaunchSchemeArgsEnv = "YES"
      savedToolIdentifier = ""
      useCustomWorkingDirectory = "NO"
      debugDocumentVersioning = "YES">
      <MacroExpansion>
         <BuildableReference
            BuildableIdentifier = "primary"
            BlueprintIdentifier = "448AB1C32450DE93004A11CB"
            BuildableName = "ObjectiveCExampleAppUITests.xctest"
            BlueprintName = "ObjectiveCExampleAppUITests"
            ReferencedContainer = "container:ObjectiveCExampleApp.xcodeproj">
         </BuildableReference>
      </MacroExpansion>
   </ProfileAction>
   <AnalyzeAction
      buildConfiguration = "Debug">
   </AnalyzeAction>
   <ArchiveAction
      buildConfiguration = "Release"
      revealArchiveInOrganizer = "YES">
   </ArchiveAction>
</Scheme>
