PODS:
  - CocoaDebug (1.4.8):
    - FBRetainCycleDetector
  - DeviceDNA (1.1.3)
  - FBRetainCycleDetector (0.1.4)
  - InAppSettingsKit (3.1.4)
  - JudoKit-iOS (2.2.1):
    - DeviceDNA
    - TrustKit
    - ZappMerchantLib
  - SwiftLint (0.41.0)
  - TrustKit (1.7.0)
  - ZappMerchantLib (3.1.0)

DEPENDENCIES:
  - CocoaDebug
  - InAppSettingsKit
  - JudoKit-iOS (from `../../`)
  - SwiftLint

SPEC REPOS:
  trunk:
    - CocoaDebug
    - DeviceDNA
    - FBRetainCycleDetector
    - InAppSettingsKit
    - SwiftLint
    - TrustKit
    - ZappMerchantLib

EXTERNAL SOURCES:
  JudoKit-iOS:
    :path: "../../"

SPEC CHECKSUMS:
  CocoaDebug: 438fed049090d61c777d464eb2771ca87e1430ed
  DeviceDNA: c3d7ba1669cebf7965407e7022769e5a5eda8c35
  FBRetainCycleDetector: 46f8179bbb1c587deee3ea838a1a3ee02acf5015
  InAppSettingsKit: 01fb9774c74a11fefc521f29cb2338909e1c2b61
  JudoKit-iOS: f232ce6ea73a8202925a7811895aecfcdfd82432
  SwiftLint: c585ebd615d9520d7fbdbe151f527977b0534f1e
  TrustKit: dac38bb37e49bdfeca41b1a19d020da38017b51c
  ZappMerchantLib: b14bc5814840426d351190309250347ca9b0983d

PODFILE CHECKSUM: 5a0cc97c7830908acd116668e4e1bb6be36bae36

COCOAPODS: 1.10.0
