PODS:
  - DeviceDNA (2.1.2)
  - InAppSettingsKit (3.3.6)
  - Judo3DS2_iOS (1.2.4)
  - JudoKit-iOS (5.0.0):
    - DeviceDNA (= 2.1.2)
    - Judo3DS2_iOS (= 1.2.4)
    - RavelinEncrypt (= 1.1.2)
    - TrustKit (~> 3.0.4)
  - RavelinEncrypt (1.1.2)
  - SwiftLint (0.58.1)
  - TrustKit (3.0.4)
  - Wormholy (1.7.0)

DEPENDENCIES:
  - InAppSettingsKit (= 3.3.6)
  - Judo3DS2_iOS (= 1.2.4)
  - JudoKit-iOS (from `../../`)
  - SwiftLint
  - Wormholy

SPEC REPOS:
  trunk:
    - DeviceDNA
    - InAppSettingsKit
    - Judo3DS2_iOS
    - RavelinEncrypt
    - SwiftLint
    - TrustKit
    - Wormholy

EXTERNAL SOURCES:
  JudoKit-iOS:
    :path: "../../"

SPEC CHECKSUMS:
  DeviceDNA: a2812a2a54bdaf3bafd4d109bd9072759e4d9506
  InAppSettingsKit: 37df0b44132380d4c7db6fc7cded92997e29873a
  Judo3DS2_iOS: 47f51a3f2d500100975c9d9e53f29018fd070141
  JudoKit-iOS: 48bfe7229f2a618a384a3b2d447008afb61b69e0
  RavelinEncrypt: ea533da1cb48ccf84382cb161979b27bfb23d467
  SwiftLint: 6c8820d22c8f74baadd5684e00bb7356c34610a1
  TrustKit: 403e8d2cfbff2abfc37cd41acc558dab8ec78e59
  Wormholy: ab1c8c2f02f58587a0941deb0088555ffbf039a1

PODFILE CHECKSUM: 925845ac0c94bc7b67a7f6715ac9314b8a41a680

COCOAPODS: 1.16.2
